Microsoft Visual Studio Solution File, Format Version 12.00
# Visual Studio Version 17
VisualStudioVersion = 17.5.2.0
MinimumVisualStudioVersion = 10.0.40219.1
Project("{2150E333-8FDC-42A3-9474-1A3956D46DE8}") = "jellyfin-spotify", "jellyfin-spotify", "{FB5FEF55-399B-5E18-4416-32F0992F8A22}"
EndProject
Project("{FAE04EC0-301F-11D3-BF4B-00C04F79EFBC}") = "Jellyfin.Plugin.SpotifyDownloader", "jellyfin-spotify\Jellyfin.Plugin.SpotifyDownloader\Jellyfin.Plugin.SpotifyDownloader.csproj", "{638C2083-9C81-1442-0D28-BF1105562F53}"
EndProject
Global
	GlobalSection(SolutionConfigurationPlatforms) = preSolution
		Debug|Any CPU = Debug|Any CPU
		Release|Any CPU = Release|Any CPU
	EndGlobalSection
	GlobalSection(ProjectConfigurationPlatforms) = postSolution
		{638C2083-9C81-1442-0D28-BF1105562F53}.Debug|Any CPU.ActiveCfg = Debug|Any CPU
		{638C2083-9C81-1442-0D28-BF1105562F53}.Debug|Any CPU.Build.0 = Debug|Any CPU
		{638C2083-9C81-1442-0D28-BF1105562F53}.Release|Any CPU.ActiveCfg = Release|Any CPU
		{638C2083-9C81-1442-0D28-BF1105562F53}.Release|Any CPU.Build.0 = Release|Any CPU
	EndGlobalSection
	GlobalSection(SolutionProperties) = preSolution
		HideSolutionNode = FALSE
	EndGlobalSection
	GlobalSection(NestedProjects) = preSolution
		{638C2083-9C81-1442-0D28-BF1105562F53} = {FB5FEF55-399B-5E18-4416-32F0992F8A22}
	EndGlobalSection
	GlobalSection(ExtensibilityGlobals) = postSolution
		SolutionGuid = {11A40B30-AF2F-4B43-894C-6C2735F77ACE}
	EndGlobalSection
EndGlobal
